{
  "name": "skyops117.github.io",
  "lockfileVersion": 3,
  "requires": true,
  "packages": {
    "": {
      "dependencies": {
        "babylonjs": "^6.13.0",
        "babylonjs-gui": "^6.13.0",
        "babylonjs-loaders": "^6.13.0",
        "babylonjs-materials": "^6.13.0",
        "babylonjs-post-process": "^6.13.0",
        "babylonjs-procedural-textures": "^6.13.0",
        "babylonjs-serializers": "^6.13.0",
        "babylonjs-viewer": "^6.13.0"
      }
    },
    "node_modules/babylonjs": {
      "version": "6.13.0",
      "resolved": "https://registry.npmjs.org/babylonjs/-/babylonjs-6.13.0.tgz",
      "integrity": "sha512-KRlGP8Ri51BRx8NzBxQUca/5SDWNeS/4zIDmMzOxAZ5G94UlIFIjRKXRNwpmWq2sBG5DQlU3om5GPWknEps6wg==",
      "hasInstallScript": true
    },
    "node_modules/babylonjs-gltf2interface": {
      "version": "6.13.0",
      "resolved": "https://registry.npmjs.org/babylonjs-gltf2interface/-/babylonjs-gltf2interface-6.13.0.tgz",
      "integrity": "sha512-ec9YROqn59vQcIuRDB5c+sVLyQEgBBXJX5qiDeUdRgugERbLuCbBZPXJ3euKDw6iT9L0k+u2hMUVgIK4A/GDDQ=="
    },
    "node_modules/babylonjs-gui": {
      "version": "6.13.0",
      "resolved": "https://registry.npmjs.org/babylonjs-gui/-/babylonjs-gui-6.13.0.tgz",
      "integrity": "sha512-tTxlXOmK3cahx0qd/jU9+l0MZU2AcQ/D20SqWGiBQa8gan94X68OIkujMFXkpI+ND97r1xg8YUqJ9XRAfeAgfA==",
      "dependencies": {
        "babylonjs": "^6.13.0"
      }
    },
    "node_modules/babylonjs-loaders": {
      "version": "6.13.0",
      "resolved": "https://registry.npmjs.org/babylonjs-loaders/-/babylonjs-loaders-6.13.0.tgz",
      "integrity": "sha512-fRrpZKVWMjXZYVe4HyIiKVRDOP+ISo/82MSWArzOUoimtcNrc9klxqtJzo+2O1UKnMYxidLzWSCx/pTJ8cQdEg==",
      "dependencies": {
        "babylonjs": "^6.13.0",
        "babylonjs-gltf2interface": "^6.13.0"
      }
    },
    "node_modules/babylonjs-materials": {
      "version": "6.13.0",
      "resolved": "https://registry.npmjs.org/babylonjs-materials/-/babylonjs-materials-6.13.0.tgz",
      "integrity": "sha512-5yPam/osWTJKGBGz8F0Ad5XAaBo6ZTEqoWdyMea9B2BVljT+MzYdy4jLMXNtZguWByrpN1nL681D+pr/kKG+3A==",
      "dependencies": {
        "babylonjs": "^6.13.0"
      }
    },
    "node_modules/babylonjs-post-process": {
      "version": "6.13.0",
      "resolved": "https://registry.npmjs.org/babylonjs-post-process/-/babylonjs-post-process-6.13.0.tgz",
      "integrity": "sha512-zJUxn9kqM8bYaa78dO5/Gx0sVx8WUgo0iituQ4PH/T23ApF+ph3g0AMnPxLa7opTuPJzDdzfFqxzjZLyTKntVg==",
      "dependencies": {
        "babylonjs": "^6.13.0"
      }
    },
    "node_modules/babylonjs-procedural-textures": {
      "version": "6.13.0",
      "resolved": "https://registry.npmjs.org/babylonjs-procedural-textures/-/babylonjs-procedural-textures-6.13.0.tgz",
      "integrity": "sha512-qxDLUTecYBJYK6NJ10drzMmW+2/75Fdm55agQ/jMyXAmrq9enhFUOqjl+mWew6tTKLE1wpGVjkxeUNJiq97SMA==",
      "dependencies": {
        "babylonjs": "^6.13.0"
      }
    },
    "node_modules/babylonjs-serializers": {
      "version": "6.13.0",
      "resolved": "https://registry.npmjs.org/babylonjs-serializers/-/babylonjs-serializers-6.13.0.tgz",
      "integrity": "sha512-AhxgFIowt3UGQYkhTeGdDP3/7fn5aR6TeBmtqmIp9jUOIJr33pQo/i4ifXroumEpGGku2BIYfUWwAc/K3U7RxA==",
      "dependencies": {
        "babylonjs": "^6.13.0",
        "babylonjs-gltf2interface": "^6.13.0"
      }
    },
    "node_modules/babylonjs-viewer": {
      "version": "6.13.0",
      "resolved": "https://registry.npmjs.org/babylonjs-viewer/-/babylonjs-viewer-6.13.0.tgz",
      "integrity": "sha512-q03Urmu25GDlaRA/SUbo5puGjSaUIkVbVppCyVrKnf0ANBlX7/FaHswBkuij0577MPbRfhZ72hzDiLFdLb4iLw==",
      "dependencies": {
        "babylonjs-gltf2interface": "^6.13.0"
      }
    }
  }
}
