{
  "name": "skyops117.github.io",
  "lockfileVersion": 3,
  "requires": true,
  "packages": {
    "": {
      "dependencies": {
        "babylonjs": "^6.12.2",
        "babylonjs-gui": "^6.12.2",
        "babylonjs-loaders": "^6.12.2",
        "babylonjs-materials": "^6.12.2",
        "babylonjs-post-process": "^6.12.2",
        "babylonjs-procedural-textures": "^6.12.2",
        "babylonjs-serializers": "^6.12.2",
        "babylonjs-viewer": "^6.12.2"
      }
    },
    "node_modules/babylonjs": {
      "version": "6.12.2",
      "resolved": "https://registry.npmjs.org/babylonjs/-/babylonjs-6.12.2.tgz",
      "integrity": "sha512-NA48UCmWSzd6nwEAzPtCGitJZPtOcDzHr1JBVNuUmAXZ8wlD9y0U7PnyuGCH4LlQp3lfjaNmH6ZQZuePFiqO+A==",
      "hasInstallScript": true
    },
    "node_modules/babylonjs-gltf2interface": {
      "version": "6.12.2",
      "resolved": "https://registry.npmjs.org/babylonjs-gltf2interface/-/babylonjs-gltf2interface-6.12.2.tgz",
      "integrity": "sha512-fYSCmBy85o8LbA8Bp0hVMZhlZhCbWjG6V1AcNgHYszMNJ85oqGUQheau3FD/KPCoqihuH34YpTA0YJPLkNyKnQ=="
    },
    "node_modules/babylonjs-gui": {
      "version": "6.12.2",
      "resolved": "https://registry.npmjs.org/babylonjs-gui/-/babylonjs-gui-6.12.2.tgz",
      "integrity": "sha512-/6GzFIPG8/+qHIquXYalmZzyTER78lChUK44cJrAiN5rzoxcoJs81x26NtWftpG38OHlkHRIYbwxmIB6qsfXmg==",
      "dependencies": {
        "babylonjs": "^6.12.2"
      }
    },
    "node_modules/babylonjs-loaders": {
      "version": "6.12.2",
      "resolved": "https://registry.npmjs.org/babylonjs-loaders/-/babylonjs-loaders-6.12.2.tgz",
      "integrity": "sha512-8l6fsEYFEbW07ND6zKhjgBEvxtqMmpRH9NOfcrxZtB1zjvDe6+VN2nlda4xiVLB1wXTH+Vx1m+mhNmiKXO08uA==",
      "dependencies": {
        "babylonjs": "^6.12.2",
        "babylonjs-gltf2interface": "^6.12.2"
      }
    },
    "node_modules/babylonjs-materials": {
      "version": "6.12.2",
      "resolved": "https://registry.npmjs.org/babylonjs-materials/-/babylonjs-materials-6.12.2.tgz",
      "integrity": "sha512-XPmJmfLSFJGOgJO/8XRY0dSZW0HLVu2ouESm8QiOTHo+Wuh8XMy5sQyCG+GrUI4tnPb9evfMVHttzbjO6nMu+Q==",
      "dependencies": {
        "babylonjs": "^6.12.2"
      }
    },
    "node_modules/babylonjs-post-process": {
      "version": "6.12.2",
      "resolved": "https://registry.npmjs.org/babylonjs-post-process/-/babylonjs-post-process-6.12.2.tgz",
      "integrity": "sha512-CCoc+Rn2XyvdWpKLgziAbAD81TovDJ7CuoaaB30qizQgtdZYT5XnyvwZxHTqXhlu5/ap8J/F9yULdcwYd9WGQQ==",
      "dependencies": {
        "babylonjs": "^6.12.2"
      }
    },
    "node_modules/babylonjs-procedural-textures": {
      "version": "6.12.2",
      "resolved": "https://registry.npmjs.org/babylonjs-procedural-textures/-/babylonjs-procedural-textures-6.12.2.tgz",
      "integrity": "sha512-j1eZUpu0qc5FYGuh9HkP5xX4Hqs+sa4y//s7KbT5WOvvkt0jT0ji6gtWdEfRlCxDKinITqkjapkF5dWF86HTig==",
      "dependencies": {
        "babylonjs": "^6.12.2"
      }
    },
    "node_modules/babylonjs-serializers": {
      "version": "6.12.2",
      "resolved": "https://registry.npmjs.org/babylonjs-serializers/-/babylonjs-serializers-6.12.2.tgz",
      "integrity": "sha512-S8J96+2GJGI9Ch4P3SXColoAuNd1qj+RAbo091F9MXV1MrCvYkeiu6J9m8Ftf7z5bNGPRWeQ2PNa3HaH9iwNLQ==",
      "dependencies": {
        "babylonjs": "^6.12.2",
        "babylonjs-gltf2interface": "^6.12.2"
      }
    },
    "node_modules/babylonjs-viewer": {
      "version": "6.12.2",
      "resolved": "https://registry.npmjs.org/babylonjs-viewer/-/babylonjs-viewer-6.12.2.tgz",
      "integrity": "sha512-6kKuPoHHYqwTKbSbY2nEjtDRNx/6GMK1z0Hd5j/nQ1kL9tHhyE2Hj4r2rO7DedKc9UOJfLZzi7uSPPlMzIwcow==",
      "dependencies": {
        "babylonjs-gltf2interface": "^6.12.2"
      }
    }
  }
}
